<?xml version="1.0" encoding="utf-8"?>
<Project ToolsVersion="4.0" xmlns="http://schemas.microsoft.com/developer/msbuild/2003">
  <ItemGroup>
    <ClCompile Include="main.cpp" />
    <ClCompile Include="Base\Base.cpp">
      <Filter>Base</Filter>
    </ClCompile>
    <ClCompile Include="Game\Player.cpp">
      <Filter>Game</Filter>
    </ClCompile>
    <ClCompile Include="Game\Enemy.cpp">
      <Filter>Game</Filter>
    </ClCompile>
    <ClCompile Include="Game\Map.cpp">
      <Filter>Game</Filter>
    </ClCompile>
    <ClCompile Include="Game\Game.cpp">
      <Filter>Game</Filter>
    </ClCompile>
    <ClCompile Include="Game\Field.cpp">
      <Filter>Game</Filter>
    </ClCompile>
    <ClCompile Include="Game\Animdata.cpp">
      <Filter>Game</Filter>
    </ClCompile>
    <ClCompile Include="Game\ItemBag.cpp">
      <Filter>Game</Filter>
    </ClCompile>
    <ClCompile Include="Game\Item.cpp">
      <Filter>Game</Filter>
    </ClCompile>
    <ClCompile Include="Game\UI.cpp">
      <Filter>Game</Filter>
    </ClCompile>
    <ClCompile Include="Game\EnemyManeger.cpp">
      <Filter>Game</Filter>
    </ClCompile>
    <ClCompile Include="Game\Object.cpp">
      <Filter>Game</Filter>
    </ClCompile>
    <ClCompile Include="Game\CTimer.cpp">
      <Filter>Game</Filter>
    </ClCompile>
    <ClCompile Include="Game\CParam.cpp">
      <Filter>Game</Filter>
    </ClCompile>
    <ClCompile Include="Game\GameManeger.cpp">
      <Filter>Game</Filter>
    </ClCompile>
    <ClCompile Include="Game\Pawn.cpp">
      <Filter>Game</Filter>
    </ClCompile>
    <ClCompile Include="Game\Enemy1.cpp">
      <Filter>Game</Filter>
    </ClCompile>
    <ClCompile Include="Game\Enemy2.cpp">
      <Filter>Game</Filter>
    </ClCompile>
    <ClCompile Include="Game\Enemy3.cpp">
      <Filter>Game</Filter>
    </ClCompile>
    <ClCompile Include="Game\Enemy4.cpp">
      <Filter>Game</Filter>
    </ClCompile>
    <ClCompile Include="Game\Slash.cpp">
      <Filter>Game</Filter>
    </ClCompile>
    <ClCompile Include="Game\Menyu.cpp">
      <Filter>Game</Filter>
    </ClCompile>
  </ItemGroup>
  <ItemGroup>
    <Filter Include="Base">
      <UniqueIdentifier>{92d21a0f-3d8d-4a8b-8c39-31fd384788c0}</UniqueIdentifier>
    </Filter>
    <Filter Include="Game">
      <UniqueIdentifier>{57387513-4066-412f-a46e-bf89b7ae3d2e}</UniqueIdentifier>
    </Filter>
  </ItemGroup>
  <ItemGroup>
    <ClInclude Include="Base\Base.h">
      <Filter>Base</Filter>
    </ClInclude>
    <ClInclude Include="Global.h" />
    <ClInclude Include="Game\Player.h">
      <Filter>Game</Filter>
    </ClInclude>
    <ClInclude Include="Game\Enemy.h">
      <Filter>Game</Filter>
    </ClInclude>
    <ClInclude Include="Game\Map.h">
      <Filter>Game</Filter>
    </ClInclude>
    <ClInclude Include="Game\Game.h">
      <Filter>Game</Filter>
    </ClInclude>
    <ClInclude Include="Game\Field.h">
      <Filter>Game</Filter>
    </ClInclude>
    <ClInclude Include="Game\Animdata.h">
      <Filter>Game</Filter>
    </ClInclude>
    <ClInclude Include="Game\ItemBag.h">
      <Filter>Game</Filter>
    </ClInclude>
    <ClInclude Include="Game\Item.h">
      <Filter>Game</Filter>
    </ClInclude>
    <ClInclude Include="Game\UI.h">
      <Filter>Game</Filter>
    </ClInclude>
    <ClInclude Include="Game\EnemyManeger.h">
      <Filter>Game</Filter>
    </ClInclude>
    <ClInclude Include="Game\Object.h">
      <Filter>Game</Filter>
    </ClInclude>
    <ClInclude Include="Game\CTimer.h">
      <Filter>Game</Filter>
    </ClInclude>
    <ClInclude Include="Game\CParam.h">
      <Filter>Game</Filter>
    </ClInclude>
    <ClInclude Include="Game\GameManeger.h">
      <Filter>Game</Filter>
    </ClInclude>
    <ClInclude Include="Game\Pawn.h">
      <Filter>Game</Filter>
    </ClInclude>
    <ClInclude Include="Game\Enemy1.h">
      <Filter>Game</Filter>
    </ClInclude>
    <ClInclude Include="Game\Enemy2.h">
      <Filter>Game</Filter>
    </ClInclude>
    <ClInclude Include="Game\Enemy3.h">
      <Filter>Game</Filter>
    </ClInclude>
    <ClInclude Include="Game\Enemy4.h">
      <Filter>Game</Filter>
    </ClInclude>
    <ClInclude Include="Game\Slash.h">
      <Filter>Game</Filter>
    </ClInclude>
    <ClInclude Include="Game\Menyu.h">
      <Filter>Game</Filter>
    </ClInclude>
  </ItemGroup>
</Project>