<?xml version="1.0" encoding="utf-8"?>
<Project ToolsVersion="4.0" xmlns="http://schemas.microsoft.com/developer/msbuild/2003">
  <ItemGroup>
    <ClCompile Include="main.cpp" />
    <ClCompile Include="Game\Player.cpp">
      <Filter>Game</Filter>
    </ClCompile>
    <ClCompile Include="Game\Enemy.cpp">
      <Filter>Game</Filter>
    </ClCompile>
    <ClCompile Include="Game\Map.cpp">
      <Filter>Game</Filter>
    </ClCompile>
    <ClCompile Include="Game\Game.cpp">
      <Filter>Game</Filter>
    </ClCompile>
    <ClCompile Include="Game\Animdata.cpp">
      <Filter>Game</Filter>
    </ClCompile>
    <ClCompile Include="Game\ItemBag.cpp">
      <Filter>Game</Filter>
    </ClCompile>
    <ClCompile Include="Game\Item.cpp">
      <Filter>Game</Filter>
    </ClCompile>
    <ClCompile Include="Game\UI.cpp">
      <Filter>Game</Filter>
    </ClCompile>
    <ClCompile Include="Game\Enemy1.cpp">
      <Filter>Game</Filter>
    </ClCompile>
    <ClCompile Include="Game\Enemy2.cpp">
      <Filter>Game</Filter>
    </ClCompile>
    <ClCompile Include="Game\Enemy3.cpp">
      <Filter>Game</Filter>
    </ClCompile>
    <ClCompile Include="Game\Enemy4.cpp">
      <Filter>Game</Filter>
    </ClCompile>
    <ClCompile Include="Game\Slash.cpp">
      <Filter>Game</Filter>
    </ClCompile>
    <ClCompile Include="Game\Menyu.cpp">
      <Filter>Game</Filter>
    </ClCompile>
    <ClCompile Include="Game\Effect.cpp">
      <Filter>Game</Filter>
    </ClCompile>
    <ClCompile Include="Game\TP.cpp">
      <Filter>Game</Filter>
    </ClCompile>
    <ClCompile Include="Game\GameData.cpp">
      <Filter>Game</Filter>
    </ClCompile>
    <ClCompile Include="Game\Enemy5.cpp">
      <Filter>Game</Filter>
    </ClCompile>
    <ClCompile Include="Base\Base.cpp">
      <Filter>Base</Filter>
    </ClCompile>
    <ClCompile Include="Game\BossEnemy.cpp">
      <Filter>Game</Filter>
    </ClCompile>
    <ClCompile Include="Game\Goal.cpp">
      <Filter>Game</Filter>
    </ClCompile>
    <ClCompile Include="TItle\Title.cpp">
      <Filter>Title</Filter>
    </ClCompile>
    <ClCompile Include="Game\Bullet.cpp">
      <Filter>Game</Filter>
    </ClCompile>
    <ClCompile Include="Game\GameOver.cpp">
      <Filter>Game</Filter>
    </ClCompile>
  </ItemGroup>
  <ItemGroup>
    <Filter Include="Base">
      <UniqueIdentifier>{92d21a0f-3d8d-4a8b-8c39-31fd384788c0}</UniqueIdentifier>
    </Filter>
    <Filter Include="Game">
      <UniqueIdentifier>{57387513-4066-412f-a46e-bf89b7ae3d2e}</UniqueIdentifier>
    </Filter>
    <Filter Include="Title">
      <UniqueIdentifier>{76de3c5e-6d28-467e-bb17-e7926bf98a08}</UniqueIdentifier>
    </Filter>
  </ItemGroup>
  <ItemGroup>
    <ClInclude Include="Base\Base.h">
      <Filter>Base</Filter>
    </ClInclude>
    <ClInclude Include="Global.h" />
    <ClInclude Include="Game\Player.h">
      <Filter>Game</Filter>
    </ClInclude>
    <ClInclude Include="Game\Enemy.h">
      <Filter>Game</Filter>
    </ClInclude>
    <ClInclude Include="Game\Map.h">
      <Filter>Game</Filter>
    </ClInclude>
    <ClInclude Include="Game\Game.h">
      <Filter>Game</Filter>
    </ClInclude>
    <ClInclude Include="Game\Animdata.h">
      <Filter>Game</Filter>
    </ClInclude>
    <ClInclude Include="Game\ItemBag.h">
      <Filter>Game</Filter>
    </ClInclude>
    <ClInclude Include="Game\Item.h">
      <Filter>Game</Filter>
    </ClInclude>
    <ClInclude Include="Game\UI.h">
      <Filter>Game</Filter>
    </ClInclude>
    <ClInclude Include="Game\Enemy1.h">
      <Filter>Game</Filter>
    </ClInclude>
    <ClInclude Include="Game\Enemy2.h">
      <Filter>Game</Filter>
    </ClInclude>
    <ClInclude Include="Game\Enemy3.h">
      <Filter>Game</Filter>
    </ClInclude>
    <ClInclude Include="Game\Enemy4.h">
      <Filter>Game</Filter>
    </ClInclude>
    <ClInclude Include="Game\Slash.h">
      <Filter>Game</Filter>
    </ClInclude>
    <ClInclude Include="Game\Menyu.h">
      <Filter>Game</Filter>
    </ClInclude>
    <ClInclude Include="Game\Effect.h">
      <Filter>Game</Filter>
    </ClInclude>
    <ClInclude Include="Game\TP.h">
      <Filter>Game</Filter>
    </ClInclude>
    <ClInclude Include="Game\GameData.h">
      <Filter>Game</Filter>
    </ClInclude>
    <ClInclude Include="Game\Enemy5.h">
      <Filter>Game</Filter>
    </ClInclude>
    <ClInclude Include="Game\BossEnemy.h">
      <Filter>Game</Filter>
    </ClInclude>
    <ClInclude Include="Game\Goal.h">
      <Filter>Game</Filter>
    </ClInclude>
    <ClInclude Include="TItle\Title.h">
      <Filter>Title</Filter>
    </ClInclude>
    <ClInclude Include="Game\Bullet.h">
      <Filter>Game</Filter>
    </ClInclude>
    <ClInclude Include="Game\GameOver.h">
      <Filter>Game</Filter>
    </ClInclude>
  </ItemGroup>
</Project>